
Microsoft Visual Studio Solution File, Format Version 12.00
# Visual Studio Version 17
VisualStudioVersion = 17.0.31903.59
MinimumVisualStudioVersion = 10.0.40219.1
Project("{FAE04EC0-301F-11D3-BF4B-00C04F79EFBC}") = "Day01", "Day01\Day01.csproj", "{E3176210-FE55-4ABA-BCC3-349F4A076A39}"
EndProject
Project("{FAE04EC0-301F-11D3-BF4B-00C04F79EFBC}") = "Day02", "Day02\Day02.csproj", "{9DF95A4F-9F57-47D4-80C4-16690F600061}"
EndProject
Project("{FAE04EC0-301F-11D3-BF4B-00C04F79EFBC}") = "Day03", "Day03\Day03.csproj", "{17DE47A8-05EF-43CF-AF12-787FCC442D76}"
EndProject
Project("{FAE04EC0-301F-11D3-BF4B-00C04F79EFBC}") = "Day04", "Day04\Day04.csproj", "{FD7F9578-62B2-4498-B8B0-0E0DE86DEE52}"
EndProject
Project("{FAE04EC0-301F-11D3-BF4B-00C04F79EFBC}") = "Day05", "Day05\Day05.csproj", "{22950E91-0C0B-44B5-B057-4348BBAF94A5}"
EndProject
Project("{FAE04EC0-301F-11D3-BF4B-00C04F79EFBC}") = "Day06", "Day06\Day06.csproj", "{2535059A-C22D-49B4-BD4D-2CFADF4A116E}"
EndProject
Project("{FAE04EC0-301F-11D3-BF4B-00C04F79EFBC}") = "Day07", "Day07\Day07.csproj", "{D7A7DC29-561B-484A-85A0-99C70D09036E}"
EndProject
Project("{FAE04EC0-301F-11D3-BF4B-00C04F79EFBC}") = "Day08", "Day08\Day08.csproj", "{DD8D04AD-5AAE-4055-A523-E1AFA080CCC0}"
EndProject
Project("{FAE04EC0-301F-11D3-BF4B-00C04F79EFBC}") = "Day09", "Day09\Day09.csproj", "{8484420A-5975-4760-ABA1-EB6F340B97F9}"
EndProject
Project("{FAE04EC0-301F-11D3-BF4B-00C04F79EFBC}") = "Day10", "Day10\Day10.csproj", "{E8B0A1AD-8580-4F27-B114-7F212FE63A2F}"
EndProject
Project("{FAE04EC0-301F-11D3-BF4B-00C04F79EFBC}") = "Day11", "Day11\Day11.csproj", "{16466907-5A1D-41D7-AB64-8FF5665C5A7B}"
EndProject
Global
	GlobalSection(SolutionConfigurationPlatforms) = preSolution
		Debug|Any CPU = Debug|Any CPU
		Release|Any CPU = Release|Any CPU
	EndGlobalSection
	GlobalSection(SolutionProperties) = preSolution
		HideSolutionNode = FALSE
	EndGlobalSection
	GlobalSection(ProjectConfigurationPlatforms) = postSolution
		{E3176210-FE55-4ABA-BCC3-349F4A076A39}.Debug|Any CPU.ActiveCfg = Debug|Any CPU
		{E3176210-FE55-4ABA-BCC3-349F4A076A39}.Debug|Any CPU.Build.0 = Debug|Any CPU
		{E3176210-FE55-4ABA-BCC3-349F4A076A39}.Release|Any CPU.ActiveCfg = Release|Any CPU
		{E3176210-FE55-4ABA-BCC3-349F4A076A39}.Release|Any CPU.Build.0 = Release|Any CPU
		{9DF95A4F-9F57-47D4-80C4-16690F600061}.Debug|Any CPU.ActiveCfg = Debug|Any CPU
		{9DF95A4F-9F57-47D4-80C4-16690F600061}.Debug|Any CPU.Build.0 = Debug|Any CPU
		{9DF95A4F-9F57-47D4-80C4-16690F600061}.Release|Any CPU.ActiveCfg = Release|Any CPU
		{9DF95A4F-9F57-47D4-80C4-16690F600061}.Release|Any CPU.Build.0 = Release|Any CPU
		{17DE47A8-05EF-43CF-AF12-787FCC442D76}.Debug|Any CPU.ActiveCfg = Debug|Any CPU
		{17DE47A8-05EF-43CF-AF12-787FCC442D76}.Debug|Any CPU.Build.0 = Debug|Any CPU
		{17DE47A8-05EF-43CF-AF12-787FCC442D76}.Release|Any CPU.ActiveCfg = Release|Any CPU
		{17DE47A8-05EF-43CF-AF12-787FCC442D76}.Release|Any CPU.Build.0 = Release|Any CPU
		{FD7F9578-62B2-4498-B8B0-0E0DE86DEE52}.Debug|Any CPU.ActiveCfg = Debug|Any CPU
		{FD7F9578-62B2-4498-B8B0-0E0DE86DEE52}.Debug|Any CPU.Build.0 = Debug|Any CPU
		{FD7F9578-62B2-4498-B8B0-0E0DE86DEE52}.Release|Any CPU.ActiveCfg = Release|Any CPU
		{FD7F9578-62B2-4498-B8B0-0E0DE86DEE52}.Release|Any CPU.Build.0 = Release|Any CPU
		{22950E91-0C0B-44B5-B057-4348BBAF94A5}.Debug|Any CPU.ActiveCfg = Debug|Any CPU
		{22950E91-0C0B-44B5-B057-4348BBAF94A5}.Debug|Any CPU.Build.0 = Debug|Any CPU
		{22950E91-0C0B-44B5-B057-4348BBAF94A5}.Release|Any CPU.ActiveCfg = Release|Any CPU
		{22950E91-0C0B-44B5-B057-4348BBAF94A5}.Release|Any CPU.Build.0 = Release|Any CPU
		{2535059A-C22D-49B4-BD4D-2CFADF4A116E}.Debug|Any CPU.ActiveCfg = Debug|Any CPU
		{2535059A-C22D-49B4-BD4D-2CFADF4A116E}.Debug|Any CPU.Build.0 = Debug|Any CPU
		{2535059A-C22D-49B4-BD4D-2CFADF4A116E}.Release|Any CPU.ActiveCfg = Release|Any CPU
		{2535059A-C22D-49B4-BD4D-2CFADF4A116E}.Release|Any CPU.Build.0 = Release|Any CPU
		{D7A7DC29-561B-484A-85A0-99C70D09036E}.Debug|Any CPU.ActiveCfg = Debug|Any CPU
		{D7A7DC29-561B-484A-85A0-99C70D09036E}.Debug|Any CPU.Build.0 = Debug|Any CPU
		{D7A7DC29-561B-484A-85A0-99C70D09036E}.Release|Any CPU.ActiveCfg = Release|Any CPU
		{D7A7DC29-561B-484A-85A0-99C70D09036E}.Release|Any CPU.Build.0 = Release|Any CPU
		{DD8D04AD-5AAE-4055-A523-E1AFA080CCC0}.Debug|Any CPU.ActiveCfg = Debug|Any CPU
		{DD8D04AD-5AAE-4055-A523-E1AFA080CCC0}.Debug|Any CPU.Build.0 = Debug|Any CPU
		{DD8D04AD-5AAE-4055-A523-E1AFA080CCC0}.Release|Any CPU.ActiveCfg = Release|Any CPU
		{DD8D04AD-5AAE-4055-A523-E1AFA080CCC0}.Release|Any CPU.Build.0 = Release|Any CPU
		{8484420A-5975-4760-ABA1-EB6F340B97F9}.Debug|Any CPU.ActiveCfg = Debug|Any CPU
		{8484420A-5975-4760-ABA1-EB6F340B97F9}.Debug|Any CPU.Build.0 = Debug|Any CPU
		{8484420A-5975-4760-ABA1-EB6F340B97F9}.Release|Any CPU.ActiveCfg = Release|Any CPU
		{8484420A-5975-4760-ABA1-EB6F340B97F9}.Release|Any CPU.Build.0 = Release|Any CPU
		{E8B0A1AD-8580-4F27-B114-7F212FE63A2F}.Debug|Any CPU.ActiveCfg = Debug|Any CPU
		{E8B0A1AD-8580-4F27-B114-7F212FE63A2F}.Debug|Any CPU.Build.0 = Debug|Any CPU
		{E8B0A1AD-8580-4F27-B114-7F212FE63A2F}.Release|Any CPU.ActiveCfg = Release|Any CPU
		{E8B0A1AD-8580-4F27-B114-7F212FE63A2F}.Release|Any CPU.Build.0 = Release|Any CPU
		{16466907-5A1D-41D7-AB64-8FF5665C5A7B}.Debug|Any CPU.ActiveCfg = Debug|Any CPU
		{16466907-5A1D-41D7-AB64-8FF5665C5A7B}.Debug|Any CPU.Build.0 = Debug|Any CPU
		{16466907-5A1D-41D7-AB64-8FF5665C5A7B}.Release|Any CPU.ActiveCfg = Release|Any CPU
		{16466907-5A1D-41D7-AB64-8FF5665C5A7B}.Release|Any CPU.Build.0 = Release|Any CPU
	EndGlobalSection
EndGlobal
